
Microsoft Visual Studio Solution File, Format Version 12.00
# Visual Studio Version 17
VisualStudioVersion = 17.0.32014.148
MinimumVisualStudioVersion = 10.0.40219.1
Project("{9A19103F-16F7-4668-BE54-9A1E7A4F7556}") = "ConsoleApp.20220122Task1", "ConsoleApp.20220122Task1\ConsoleApp.20220122Task1.csproj", "{B8D4E236-F485-42D9-B33C-ABA9C83AC86D}"
EndProject
Project("{9A19103F-16F7-4668-BE54-9A1E7A4F7556}") = "ConsoleApp.20220122Task2", "ConsoleApp.20220122Task2\ConsoleApp.20220122Task2.csproj", "{11AA9EDC-9673-462F-8925-EB63B5FDBFE3}"
EndProject
Project("{9A19103F-16F7-4668-BE54-9A1E7A4F7556}") = "ConsoleApp.20220122Task3", "ConsoleApp.20220122Task3\ConsoleApp.20220122Task3.csproj", "{F0A548D8-733B-4D63-A4CF-D565D04023EA}"
EndProject
Project("{9A19103F-16F7-4668-BE54-9A1E7A4F7556}") = "ConsoleApp.20220122Task4", "ConsoleApp.20220122Task4\ConsoleApp.20220122Task4.csproj", "{0A927712-6FEA-4D5F-ADC9-BDF62C967FAE}"
EndProject
Project("{9A19103F-16F7-4668-BE54-9A1E7A4F7556}") = "ConsoleApp.20220122Task5", "ConsoleApp.20220122Task5\ConsoleApp.20220122Task5.csproj", "{CBF3A1FD-F82D-4E67-A86C-3950B8845513}"
EndProject
Project("{9A19103F-16F7-4668-BE54-9A1E7A4F7556}") = "ConsoleApp.20220122Task6", "ConsoleApp.20220122Task6\ConsoleApp.20220122Task6.csproj", "{6EF8A746-CBE1-4EC8-977C-2C9422F12A6F}"
EndProject
Project("{9A19103F-16F7-4668-BE54-9A1E7A4F7556}") = "ConsoleApp.20220122Task7", "ConsoleApp.20220122Task7\ConsoleApp.20220122Task7.csproj", "{4CFAA3F7-C91B-41C5-AC02-E9E6347A5EFD}"
EndProject
Project("{9A19103F-16F7-4668-BE54-9A1E7A4F7556}") = "ConsoleApp.20220122Task8", "ConsoleApp.20220122Task8\ConsoleApp.20220122Task8.csproj", "{3763D61E-72B4-4CCE-B204-573EECE088F5}"
EndProject
Project("{FAE04EC0-301F-11D3-BF4B-00C04F79EFBC}") = "ConsoleApp20220122Task9", "ConsoleApp20220122Task9\ConsoleApp20220122Task9.csproj", "{47B85DF5-F700-405F-8CF8-805A2A632E8C}"
EndProject
Project("{FAE04EC0-301F-11D3-BF4B-00C04F79EFBC}") = "ConsoleApp.20220122Task10", "ConsoleApp.20220122Task10\ConsoleApp.20220122Task10.csproj", "{2E64AE76-A1A8-4CA1-ACD6-9CF7BD38EAFB}"
EndProject
Project("{FAE04EC0-301F-11D3-BF4B-00C04F79EFBC}") = "ConsoleApp.20220122Task11", "ConsoleApp.20220122Task11\ConsoleApp.20220122Task11.csproj", "{52DBFBB7-0C10-4042-A483-DAD37D4E8661}"
EndProject
Project("{FAE04EC0-301F-11D3-BF4B-00C04F79EFBC}") = "ConsoleApp.20220122Task12", "ConsoleApp.20220122Task12\ConsoleApp.20220122Task12.csproj", "{74A8E45E-FC9C-46F3-B2B3-47DEEE1AE10D}"
EndProject
Project("{FAE04EC0-301F-11D3-BF4B-00C04F79EFBC}") = "ConsoleApp.20220122Task13", "ConsoleApp.20220122Task13\ConsoleApp.20220122Task13.csproj", "{F5E01DD6-8279-43CA-BBC0-60273240CA8B}"
EndProject
Project("{FAE04EC0-301F-11D3-BF4B-00C04F79EFBC}") = "ConsoleApp.20220122Task14", "ConsoleApp.20220122Task14\ConsoleApp.20220122Task14.csproj", "{09A8B3AB-121B-4652-BD55-27BC4C678EF7}"
EndProject
Project("{FAE04EC0-301F-11D3-BF4B-00C04F79EFBC}") = "ConsoleApp.20220122Task15", "ConsoleApp.20220122Task15\ConsoleApp.20220122Task15.csproj", "{97BC2E1E-6277-4EEB-B3DC-D930E08E6C4B}"
EndProject
Global
	GlobalSection(SolutionConfigurationPlatforms) = preSolution
		Debug|Any CPU = Debug|Any CPU
		Release|Any CPU = Release|Any CPU
	EndGlobalSection
	GlobalSection(ProjectConfigurationPlatforms) = postSolution
		{B8D4E236-F485-42D9-B33C-ABA9C83AC86D}.Debug|Any CPU.ActiveCfg = Debug|Any CPU
		{B8D4E236-F485-42D9-B33C-ABA9C83AC86D}.Debug|Any CPU.Build.0 = Debug|Any CPU
		{B8D4E236-F485-42D9-B33C-ABA9C83AC86D}.Release|Any CPU.ActiveCfg = Release|Any CPU
		{B8D4E236-F485-42D9-B33C-ABA9C83AC86D}.Release|Any CPU.Build.0 = Release|Any CPU
		{11AA9EDC-9673-462F-8925-EB63B5FDBFE3}.Debug|Any CPU.ActiveCfg = Debug|Any CPU
		{11AA9EDC-9673-462F-8925-EB63B5FDBFE3}.Debug|Any CPU.Build.0 = Debug|Any CPU
		{11AA9EDC-9673-462F-8925-EB63B5FDBFE3}.Release|Any CPU.ActiveCfg = Release|Any CPU
		{11AA9EDC-9673-462F-8925-EB63B5FDBFE3}.Release|Any CPU.Build.0 = Release|Any CPU
		{F0A548D8-733B-4D63-A4CF-D565D04023EA}.Debug|Any CPU.ActiveCfg = Debug|Any CPU
		{F0A548D8-733B-4D63-A4CF-D565D04023EA}.Debug|Any CPU.Build.0 = Debug|Any CPU
		{F0A548D8-733B-4D63-A4CF-D565D04023EA}.Release|Any CPU.ActiveCfg = Release|Any CPU
		{F0A548D8-733B-4D63-A4CF-D565D04023EA}.Release|Any CPU.Build.0 = Release|Any CPU
		{0A927712-6FEA-4D5F-ADC9-BDF62C967FAE}.Debug|Any CPU.ActiveCfg = Debug|Any CPU
		{0A927712-6FEA-4D5F-ADC9-BDF62C967FAE}.Debug|Any CPU.Build.0 = Debug|Any CPU
		{0A927712-6FEA-4D5F-ADC9-BDF62C967FAE}.Release|Any CPU.ActiveCfg = Release|Any CPU
		{0A927712-6FEA-4D5F-ADC9-BDF62C967FAE}.Release|Any CPU.Build.0 = Release|Any CPU
		{CBF3A1FD-F82D-4E67-A86C-3950B8845513}.Debug|Any CPU.ActiveCfg = Debug|Any CPU
		{CBF3A1FD-F82D-4E67-A86C-3950B8845513}.Debug|Any CPU.Build.0 = Debug|Any CPU
		{CBF3A1FD-F82D-4E67-A86C-3950B8845513}.Release|Any CPU.ActiveCfg = Release|Any CPU
		{CBF3A1FD-F82D-4E67-A86C-3950B8845513}.Release|Any CPU.Build.0 = Release|Any CPU
		{6EF8A746-CBE1-4EC8-977C-2C9422F12A6F}.Debug|Any CPU.ActiveCfg = Debug|Any CPU
		{6EF8A746-CBE1-4EC8-977C-2C9422F12A6F}.Debug|Any CPU.Build.0 = Debug|Any CPU
		{6EF8A746-CBE1-4EC8-977C-2C9422F12A6F}.Release|Any CPU.ActiveCfg = Release|Any CPU
		{6EF8A746-CBE1-4EC8-977C-2C9422F12A6F}.Release|Any CPU.Build.0 = Release|Any CPU
		{4CFAA3F7-C91B-41C5-AC02-E9E6347A5EFD}.Debug|Any CPU.ActiveCfg = Debug|Any CPU
		{4CFAA3F7-C91B-41C5-AC02-E9E6347A5EFD}.Debug|Any CPU.Build.0 = Debug|Any CPU
		{4CFAA3F7-C91B-41C5-AC02-E9E6347A5EFD}.Release|Any CPU.ActiveCfg = Release|Any CPU
		{4CFAA3F7-C91B-41C5-AC02-E9E6347A5EFD}.Release|Any CPU.Build.0 = Release|Any CPU
		{3763D61E-72B4-4CCE-B204-573EECE088F5}.Debug|Any CPU.ActiveCfg = Debug|Any CPU
		{3763D61E-72B4-4CCE-B204-573EECE088F5}.Debug|Any CPU.Build.0 = Debug|Any CPU
		{3763D61E-72B4-4CCE-B204-573EECE088F5}.Release|Any CPU.ActiveCfg = Release|Any CPU
		{3763D61E-72B4-4CCE-B204-573EECE088F5}.Release|Any CPU.Build.0 = Release|Any CPU
		{47B85DF5-F700-405F-8CF8-805A2A632E8C}.Debug|Any CPU.ActiveCfg = Debug|Any CPU
		{47B85DF5-F700-405F-8CF8-805A2A632E8C}.Debug|Any CPU.Build.0 = Debug|Any CPU
		{47B85DF5-F700-405F-8CF8-805A2A632E8C}.Release|Any CPU.ActiveCfg = Release|Any CPU
		{47B85DF5-F700-405F-8CF8-805A2A632E8C}.Release|Any CPU.Build.0 = Release|Any CPU
		{2E64AE76-A1A8-4CA1-ACD6-9CF7BD38EAFB}.Debug|Any CPU.ActiveCfg = Debug|Any CPU
		{2E64AE76-A1A8-4CA1-ACD6-9CF7BD38EAFB}.Debug|Any CPU.Build.0 = Debug|Any CPU
		{2E64AE76-A1A8-4CA1-ACD6-9CF7BD38EAFB}.Release|Any CPU.ActiveCfg = Release|Any CPU
		{2E64AE76-A1A8-4CA1-ACD6-9CF7BD38EAFB}.Release|Any CPU.Build.0 = Release|Any CPU
		{52DBFBB7-0C10-4042-A483-DAD37D4E8661}.Debug|Any CPU.ActiveCfg = Debug|Any CPU
		{52DBFBB7-0C10-4042-A483-DAD37D4E8661}.Debug|Any CPU.Build.0 = Debug|Any CPU
		{52DBFBB7-0C10-4042-A483-DAD37D4E8661}.Release|Any CPU.ActiveCfg = Release|Any CPU
		{52DBFBB7-0C10-4042-A483-DAD37D4E8661}.Release|Any CPU.Build.0 = Release|Any CPU
		{74A8E45E-FC9C-46F3-B2B3-47DEEE1AE10D}.Debug|Any CPU.ActiveCfg = Debug|Any CPU
		{74A8E45E-FC9C-46F3-B2B3-47DEEE1AE10D}.Debug|Any CPU.Build.0 = Debug|Any CPU
		{74A8E45E-FC9C-46F3-B2B3-47DEEE1AE10D}.Release|Any CPU.ActiveCfg = Release|Any CPU
		{74A8E45E-FC9C-46F3-B2B3-47DEEE1AE10D}.Release|Any CPU.Build.0 = Release|Any CPU
		{F5E01DD6-8279-43CA-BBC0-60273240CA8B}.Debug|Any CPU.ActiveCfg = Debug|Any CPU
		{F5E01DD6-8279-43CA-BBC0-60273240CA8B}.Debug|Any CPU.Build.0 = Debug|Any CPU
		{F5E01DD6-8279-43CA-BBC0-60273240CA8B}.Release|Any CPU.ActiveCfg = Release|Any CPU
		{F5E01DD6-8279-43CA-BBC0-60273240CA8B}.Release|Any CPU.Build.0 = Release|Any CPU
		{09A8B3AB-121B-4652-BD55-27BC4C678EF7}.Debug|Any CPU.ActiveCfg = Debug|Any CPU
		{09A8B3AB-121B-4652-BD55-27BC4C678EF7}.Debug|Any CPU.Build.0 = Debug|Any CPU
		{09A8B3AB-121B-4652-BD55-27BC4C678EF7}.Release|Any CPU.ActiveCfg = Release|Any CPU
		{09A8B3AB-121B-4652-BD55-27BC4C678EF7}.Release|Any CPU.Build.0 = Release|Any CPU
		{97BC2E1E-6277-4EEB-B3DC-D930E08E6C4B}.Debug|Any CPU.ActiveCfg = Debug|Any CPU
		{97BC2E1E-6277-4EEB-B3DC-D930E08E6C4B}.Debug|Any CPU.Build.0 = Debug|Any CPU
		{97BC2E1E-6277-4EEB-B3DC-D930E08E6C4B}.Release|Any CPU.ActiveCfg = Release|Any CPU
		{97BC2E1E-6277-4EEB-B3DC-D930E08E6C4B}.Release|Any CPU.Build.0 = Release|Any CPU
	EndGlobalSection
	GlobalSection(SolutionProperties) = preSolution
		HideSolutionNode = FALSE
	EndGlobalSection
	GlobalSection(ExtensibilityGlobals) = postSolution
		SolutionGuid = {0F188433-8C8C-40A5-8A56-AF8066D5D2D4}
	EndGlobalSection
EndGlobal
